
Microsoft Visual Studio Solution File, Format Version 12.00
# Visual Studio Version 16
VisualStudioVersion = 16.0.30804.86
MinimumVisualStudioVersion = 10.0.40219.1
Project("{9A19103F-16F7-4668-BE54-9A1E7A4F7556}") = "HomeAPI", "HomeAPI\HomeAPI.csproj", "{D33CFD97-FA96-4831-8E74-4FB73AAC341D}"
EndProject
Project("{9A19103F-16F7-4668-BE54-9A1E7A4F7556}") = "YeelightUDP", "..\YeelightUDP\YeelightUDP\YeelightUDP.csproj", "{5CB4F1D4-9EB1-4C59-A1CB-53CD9D34EB7C}"
EndProject
Global
	GlobalSection(SolutionConfigurationPlatforms) = preSolution
		Debug|Any CPU = Debug|Any CPU
		Release|Any CPU = Release|Any CPU
	EndGlobalSection
	GlobalSection(ProjectConfigurationPlatforms) = postSolution
		{D33CFD97-FA96-4831-8E74-4FB73AAC341D}.Debug|Any CPU.ActiveCfg = Debug|Any CPU
		{D33CFD97-FA96-4831-8E74-4FB73AAC341D}.Debug|Any CPU.Build.0 = Debug|Any CPU
		{D33CFD97-FA96-4831-8E74-4FB73AAC341D}.Release|Any CPU.ActiveCfg = Release|Any CPU
		{D33CFD97-FA96-4831-8E74-4FB73AAC341D}.Release|Any CPU.Build.0 = Release|Any CPU
		{5CB4F1D4-9EB1-4C59-A1CB-53CD9D34EB7C}.Debug|Any CPU.ActiveCfg = Debug|Any CPU
		{5CB4F1D4-9EB1-4C59-A1CB-53CD9D34EB7C}.Debug|Any CPU.Build.0 = Debug|Any CPU
		{5CB4F1D4-9EB1-4C59-A1CB-53CD9D34EB7C}.Release|Any CPU.ActiveCfg = Release|Any CPU
		{5CB4F1D4-9EB1-4C59-A1CB-53CD9D34EB7C}.Release|Any CPU.Build.0 = Release|Any CPU
	EndGlobalSection
	GlobalSection(SolutionProperties) = preSolution
		HideSolutionNode = FALSE
	EndGlobalSection
	GlobalSection(ExtensibilityGlobals) = postSolution
		SolutionGuid = {5BBCA8CA-FB66-4E48-BAEA-D03FB5889A32}
	EndGlobalSection
EndGlobal
