
Microsoft Visual Studio Solution File, Format Version 12.00
# Visual Studio Version 16
VisualStudioVersion = 16.0.30804.86
MinimumVisualStudioVersion = 10.0.40219.1
Project("{9A19103F-16F7-4668-BE54-9A1E7A4F7556}") = "HomeAPI", "HomeAPI\HomeAPI.csproj", "{D33CFD97-FA96-4831-8E74-4FB73AAC341D}"
EndProject
Project("{9A19103F-16F7-4668-BE54-9A1E7A4F7556}") = "HomeAPI.Yeelight", "..\HomeAPI.Yeelight\HomeAPI.Yeelight.csproj", "{15EFB4D4-AFFE-4C25-A582-02FEB2BAE940}"
EndProject
Project("{9A19103F-16F7-4668-BE54-9A1E7A4F7556}") = "HomeAPI.Tests", "HomeAPI.Tests\HomeAPI.Tests.csproj", "{2B704380-A491-4B74-8402-706A82DDE07F}"
EndProject
Project("{9A19103F-16F7-4668-BE54-9A1E7A4F7556}") = "HomeAPI.Blazor", "HomeAPI.Blazor\HomeAPI.Blazor.csproj", "{4BE56EEF-FE0C-47C3-BC1D-C6CBEBBF3CDF}"
EndProject
Project("{9A19103F-16F7-4668-BE54-9A1E7A4F7556}") = "HomeAPI.Entities", "HomeAPI.Entities\HomeAPI.Entities.csproj", "{76F4664E-E097-4ED0-BAFB-50B1930CEE12}"
EndProject
Global
	GlobalSection(SolutionConfigurationPlatforms) = preSolution
		Debug|Any CPU = Debug|Any CPU
		Debug|iPhone = Debug|iPhone
		Debug|iPhoneSimulator = Debug|iPhoneSimulator
		Release|Any CPU = Release|Any CPU
		Release|iPhone = Release|iPhone
		Release|iPhoneSimulator = Release|iPhoneSimulator
	EndGlobalSection
	GlobalSection(ProjectConfigurationPlatforms) = postSolution
		{D33CFD97-FA96-4831-8E74-4FB73AAC341D}.Debug|Any CPU.ActiveCfg = Debug|Any CPU
		{D33CFD97-FA96-4831-8E74-4FB73AAC341D}.Debug|Any CPU.Build.0 = Debug|Any CPU
		{D33CFD97-FA96-4831-8E74-4FB73AAC341D}.Debug|iPhone.ActiveCfg = Debug|Any CPU
		{D33CFD97-FA96-4831-8E74-4FB73AAC341D}.Debug|iPhone.Build.0 = Debug|Any CPU
		{D33CFD97-FA96-4831-8E74-4FB73AAC341D}.Debug|iPhoneSimulator.ActiveCfg = Debug|Any CPU
		{D33CFD97-FA96-4831-8E74-4FB73AAC341D}.Debug|iPhoneSimulator.Build.0 = Debug|Any CPU
		{D33CFD97-FA96-4831-8E74-4FB73AAC341D}.Release|Any CPU.ActiveCfg = Release|Any CPU
		{D33CFD97-FA96-4831-8E74-4FB73AAC341D}.Release|Any CPU.Build.0 = Release|Any CPU
		{D33CFD97-FA96-4831-8E74-4FB73AAC341D}.Release|iPhone.ActiveCfg = Release|Any CPU
		{D33CFD97-FA96-4831-8E74-4FB73AAC341D}.Release|iPhone.Build.0 = Release|Any CPU
		{D33CFD97-FA96-4831-8E74-4FB73AAC341D}.Release|iPhoneSimulator.ActiveCfg = Release|Any CPU
		{D33CFD97-FA96-4831-8E74-4FB73AAC341D}.Release|iPhoneSimulator.Build.0 = Release|Any CPU
		{15EFB4D4-AFFE-4C25-A582-02FEB2BAE940}.Debug|Any CPU.ActiveCfg = Debug|Any CPU
		{15EFB4D4-AFFE-4C25-A582-02FEB2BAE940}.Debug|Any CPU.Build.0 = Debug|Any CPU
		{15EFB4D4-AFFE-4C25-A582-02FEB2BAE940}.Debug|iPhone.ActiveCfg = Debug|Any CPU
		{15EFB4D4-AFFE-4C25-A582-02FEB2BAE940}.Debug|iPhone.Build.0 = Debug|Any CPU
		{15EFB4D4-AFFE-4C25-A582-02FEB2BAE940}.Debug|iPhoneSimulator.ActiveCfg = Debug|Any CPU
		{15EFB4D4-AFFE-4C25-A582-02FEB2BAE940}.Debug|iPhoneSimulator.Build.0 = Debug|Any CPU
		{15EFB4D4-AFFE-4C25-A582-02FEB2BAE940}.Release|Any CPU.ActiveCfg = Release|Any CPU
		{15EFB4D4-AFFE-4C25-A582-02FEB2BAE940}.Release|Any CPU.Build.0 = Release|Any CPU
		{15EFB4D4-AFFE-4C25-A582-02FEB2BAE940}.Release|iPhone.ActiveCfg = Release|Any CPU
		{15EFB4D4-AFFE-4C25-A582-02FEB2BAE940}.Release|iPhone.Build.0 = Release|Any CPU
		{15EFB4D4-AFFE-4C25-A582-02FEB2BAE940}.Release|iPhoneSimulator.ActiveCfg = Release|Any CPU
		{15EFB4D4-AFFE-4C25-A582-02FEB2BAE940}.Release|iPhoneSimulator.Build.0 = Release|Any CPU
		{2B704380-A491-4B74-8402-706A82DDE07F}.Debug|Any CPU.ActiveCfg = Debug|Any CPU
		{2B704380-A491-4B74-8402-706A82DDE07F}.Debug|Any CPU.Build.0 = Debug|Any CPU
		{2B704380-A491-4B74-8402-706A82DDE07F}.Debug|iPhone.ActiveCfg = Debug|Any CPU
		{2B704380-A491-4B74-8402-706A82DDE07F}.Debug|iPhone.Build.0 = Debug|Any CPU
		{2B704380-A491-4B74-8402-706A82DDE07F}.Debug|iPhoneSimulator.ActiveCfg = Debug|Any CPU
		{2B704380-A491-4B74-8402-706A82DDE07F}.Debug|iPhoneSimulator.Build.0 = Debug|Any CPU
		{2B704380-A491-4B74-8402-706A82DDE07F}.Release|Any CPU.ActiveCfg = Release|Any CPU
		{2B704380-A491-4B74-8402-706A82DDE07F}.Release|Any CPU.Build.0 = Release|Any CPU
		{2B704380-A491-4B74-8402-706A82DDE07F}.Release|iPhone.ActiveCfg = Release|Any CPU
		{2B704380-A491-4B74-8402-706A82DDE07F}.Release|iPhone.Build.0 = Release|Any CPU
		{2B704380-A491-4B74-8402-706A82DDE07F}.Release|iPhoneSimulator.ActiveCfg = Release|Any CPU
		{2B704380-A491-4B74-8402-706A82DDE07F}.Release|iPhoneSimulator.Build.0 = Release|Any CPU
		{4BE56EEF-FE0C-47C3-BC1D-C6CBEBBF3CDF}.Debug|Any CPU.ActiveCfg = Debug|Any CPU
		{4BE56EEF-FE0C-47C3-BC1D-C6CBEBBF3CDF}.Debug|Any CPU.Build.0 = Debug|Any CPU
		{4BE56EEF-FE0C-47C3-BC1D-C6CBEBBF3CDF}.Debug|iPhone.ActiveCfg = Debug|Any CPU
		{4BE56EEF-FE0C-47C3-BC1D-C6CBEBBF3CDF}.Debug|iPhone.Build.0 = Debug|Any CPU
		{4BE56EEF-FE0C-47C3-BC1D-C6CBEBBF3CDF}.Debug|iPhoneSimulator.ActiveCfg = Debug|Any CPU
		{4BE56EEF-FE0C-47C3-BC1D-C6CBEBBF3CDF}.Debug|iPhoneSimulator.Build.0 = Debug|Any CPU
		{4BE56EEF-FE0C-47C3-BC1D-C6CBEBBF3CDF}.Release|Any CPU.ActiveCfg = Release|Any CPU
		{4BE56EEF-FE0C-47C3-BC1D-C6CBEBBF3CDF}.Release|Any CPU.Build.0 = Release|Any CPU
		{4BE56EEF-FE0C-47C3-BC1D-C6CBEBBF3CDF}.Release|iPhone.ActiveCfg = Release|Any CPU
		{4BE56EEF-FE0C-47C3-BC1D-C6CBEBBF3CDF}.Release|iPhone.Build.0 = Release|Any CPU
		{4BE56EEF-FE0C-47C3-BC1D-C6CBEBBF3CDF}.Release|iPhoneSimulator.ActiveCfg = Release|Any CPU
		{4BE56EEF-FE0C-47C3-BC1D-C6CBEBBF3CDF}.Release|iPhoneSimulator.Build.0 = Release|Any CPU
		{76F4664E-E097-4ED0-BAFB-50B1930CEE12}.Debug|Any CPU.ActiveCfg = Debug|Any CPU
		{76F4664E-E097-4ED0-BAFB-50B1930CEE12}.Debug|Any CPU.Build.0 = Debug|Any CPU
		{76F4664E-E097-4ED0-BAFB-50B1930CEE12}.Debug|iPhone.ActiveCfg = Debug|Any CPU
		{76F4664E-E097-4ED0-BAFB-50B1930CEE12}.Debug|iPhone.Build.0 = Debug|Any CPU
		{76F4664E-E097-4ED0-BAFB-50B1930CEE12}.Debug|iPhoneSimulator.ActiveCfg = Debug|Any CPU
		{76F4664E-E097-4ED0-BAFB-50B1930CEE12}.Debug|iPhoneSimulator.Build.0 = Debug|Any CPU
		{76F4664E-E097-4ED0-BAFB-50B1930CEE12}.Release|Any CPU.ActiveCfg = Release|Any CPU
		{76F4664E-E097-4ED0-BAFB-50B1930CEE12}.Release|Any CPU.Build.0 = Release|Any CPU
		{76F4664E-E097-4ED0-BAFB-50B1930CEE12}.Release|iPhone.ActiveCfg = Release|Any CPU
		{76F4664E-E097-4ED0-BAFB-50B1930CEE12}.Release|iPhone.Build.0 = Release|Any CPU
		{76F4664E-E097-4ED0-BAFB-50B1930CEE12}.Release|iPhoneSimulator.ActiveCfg = Release|Any CPU
		{76F4664E-E097-4ED0-BAFB-50B1930CEE12}.Release|iPhoneSimulator.Build.0 = Release|Any CPU
	EndGlobalSection
	GlobalSection(SolutionProperties) = preSolution
		HideSolutionNode = FALSE
	EndGlobalSection
	GlobalSection(ExtensibilityGlobals) = postSolution
		SolutionGuid = {5BBCA8CA-FB66-4E48-BAEA-D03FB5889A32}
	EndGlobalSection
EndGlobal
